// !$*UTF8*$!
{
	archiveVersion = 1;
	classes = {
	};
	objectVersion = 56;
	objects = {

/* Begin PBXBuildFile section */
		ECABCD65292A4519008A26AB /* AppDelegate.swift in Sources */ = {isa = PBXBuildFile; fileRef = ECABCD64292A4519008A26AB /* AppDelegate.swift */; };
		ECABCD67292A4519008A26AB /* SceneDelegate.swift in Sources */ = {isa = PBXBuildFile; fileRef = ECABCD66292A4519008A26AB /* SceneDelegate.swift */; };
		ECABCD6C292A4519008A26AB /* Main.storyboard in Resources */ = {isa = PBXBuildFile; fileRef = ECABCD6A292A4519008A26AB /* Main.storyboard */; };
		ECABCD6E292A451A008A26AB /* Assets.xcassets in Resources */ = {isa = PBXBuildFile; fileRef = ECABCD6D292A451A008A26AB /* Assets.xcassets */; };
		ECABCD71292A451A008A26AB /* LaunchScreen.storyboard in Resources */ = {isa = PBXBuildFile; fileRef = ECABCD6F292A451A008A26AB /* LaunchScreen.storyboard */; };
		ECABCD7D292A4969008A26AB /* SignIn.storyboard in Resources */ = {isa = PBXBuildFile; fileRef = ECABCD7C292A4969008A26AB /* SignIn.storyboard */; };
		ECABCD7F292A4F48008A26AB /* SignUp.storyboard in Resources */ = {isa = PBXBuildFile; fileRef = ECABCD7E292A4F48008A26AB /* SignUp.storyboard */; };
		ECABCD81292A5949008A26AB /* SignInViewController.swift in Sources */ = {isa = PBXBuildFile; fileRef = ECABCD80292A5949008A26AB /* SignInViewController.swift */; };
		ECABCD83292A5958008A26AB /* SignUpViewController.swift in Sources */ = {isa = PBXBuildFile; fileRef = ECABCD82292A5958008A26AB /* SignUpViewController.swift */; };
/* End PBXBuildFile section */

/* Begin PBXFileReference section */
		ECABCD61292A4519008A26AB /* HomeWork_12.app */ = {isa = PBXFileReference; explicitFileType = wrapper.application; includeInIndex = 0; path = HomeWork_12.app; sourceTree = BUILT_PRODUCTS_DIR; };
		ECABCD64292A4519008A26AB /* AppDelegate.swift */ = {isa = PBXFileReference; lastKnownFileType = sourcecode.swift; path = AppDelegate.swift; sourceTree = "<group>"; };
		ECABCD66292A4519008A26AB /* SceneDelegate.swift */ = {isa = PBXFileReference; lastKnownFileType = sourcecode.swift; path = SceneDelegate.swift; sourceTree = "<group>"; };
		ECABCD6B292A4519008A26AB /* Base */ = {isa = PBXFileReference; lastKnownFileType = file.storyboard; name = Base; path = Base.lproj/Main.storyboard; sourceTree = "<group>"; };
		ECABCD6D292A451A008A26AB /* Assets.xcassets */ = {isa = PBXFileReference; lastKnownFileType = folder.assetcatalog; path = Assets.xcassets; sourceTree = "<group>"; };
		ECABCD70292A451A008A26AB /* Base */ = {isa = PBXFileReference; lastKnownFileType = file.storyboard; name = Base; path = Base.lproj/LaunchScreen.storyboard; sourceTree = "<group>"; };
		ECABCD72292A451A008A26AB /* Info.plist */ = {isa = PBXFileReference; lastKnownFileType = text.plist.xml; path = Info.plist; sourceTree = "<group>"; };
		ECABCD7C292A4969008A26AB /* SignIn.storyboard */ = {isa = PBXFileReference; lastKnownFileType = file.storyboard; path = SignIn.storyboard; sourceTree = "<group>"; };
		ECABCD7E292A4F48008A26AB /* SignUp.storyboard */ = {isa = PBXFileReference; lastKnownFileType = file.storyboard; path = SignUp.storyboard; sourceTree = "<group>"; };
		ECABCD80292A5949008A26AB /* SignInViewController.swift */ = {isa = PBXFileReference; lastKnownFileType = sourcecode.swift; path = SignInViewController.swift; sourceTree = "<group>"; };
		ECABCD82292A5958008A26AB /* SignUpViewController.swift */ = {isa = PBXFileReference; lastKnownFileType = sourcecode.swift; path = SignUpViewController.swift; sourceTree = "<group>"; };
/* End PBXFileReference section */

/* Begin PBXFrameworksBuildPhase section */
		ECABCD5E292A4519008A26AB /* Frameworks */ = {
			isa = PBXFrameworksBuildPhase;
			buildActionMask = 2147483647;
			files = (
			);
			runOnlyForDeploymentPostprocessing = 0;
		};
/* End PBXFrameworksBuildPhase section */

/* Begin PBXGroup section */
		ECABCD58292A4519008A26AB = {
			isa = PBXGroup;
			children = (
				ECABCD63292A4519008A26AB /* HomeWork_12 */,
				ECABCD62292A4519008A26AB /* Products */,
			);
			sourceTree = "<group>";
		};
		ECABCD62292A4519008A26AB /* Products */ = {
			isa = PBXGroup;
			children = (
				ECABCD61292A4519008A26AB /* HomeWork_12.app */,
			);
			name = Products;
			sourceTree = "<group>";
		};
		ECABCD63292A4519008A26AB /* HomeWork_12 */ = {
			isa = PBXGroup;
			children = (
				ECABCD79292A491A008A26AB /* Models */,
				ECABCD7A292A4921008A26AB /* Views */,
				ECABCD7B292A4927008A26AB /* Controllers */,
				ECABCD78292A490B008A26AB /* AppDelegates */,
				ECABCD6D292A451A008A26AB /* Assets.xcassets */,
				ECABCD6F292A451A008A26AB /* LaunchScreen.storyboard */,
				ECABCD72292A451A008A26AB /* Info.plist */,
			);
			path = HomeWork_12;
			sourceTree = "<group>";
		};
		ECABCD78292A490B008A26AB /* AppDelegates */ = {
			isa = PBXGroup;
			children = (
				ECABCD64292A4519008A26AB /* AppDelegate.swift */,
				ECABCD66292A4519008A26AB /* SceneDelegate.swift */,
			);
			path = AppDelegates;
			sourceTree = "<group>";
		};
		ECABCD79292A491A008A26AB /* Models */ = {
			isa = PBXGroup;
			children = (
			);
			path = Models;
			sourceTree = "<group>";
		};
		ECABCD7A292A4921008A26AB /* Views */ = {
			isa = PBXGroup;
			children = (
				ECABCD6A292A4519008A26AB /* Main.storyboard */,
				ECABCD7C292A4969008A26AB /* SignIn.storyboard */,
				ECABCD7E292A4F48008A26AB /* SignUp.storyboard */,
			);
			path = Views;
			sourceTree = "<group>";
		};
		ECABCD7B292A4927008A26AB /* Controllers */ = {
			isa = PBXGroup;
			children = (
				ECABCD80292A5949008A26AB /* SignInViewController.swift */,
				ECABCD82292A5958008A26AB /* SignUpViewController.swift */,
			);
			path = Controllers;
			sourceTree = "<group>";
		};
/* End PBXGroup section */

/* Begin PBXNativeTarget section */
		ECABCD60292A4519008A26AB /* HomeWork_12 */ = {
			isa = PBXNativeTarget;
			buildConfigurationList = ECABCD75292A451A008A26AB /* Build configuration list for PBXNativeTarget "HomeWork_12" */;
			buildPhases = (
				ECABCD5D292A4519008A26AB /* Sources */,
				ECABCD5E292A4519008A26AB /* Frameworks */,
				ECABCD5F292A4519008A26AB /* Resources */,
			);
			buildRules = (
			);
			dependencies = (
			);
			name = HomeWork_12;
			productName = HomeWork_12;
			productReference = ECABCD61292A4519008A26AB /* HomeWork_12.app */;
			productType = "com.apple.product-type.application";
		};
/* End PBXNativeTarget section */

/* Begin PBXProject section */
		ECABCD59292A4519008A26AB /* Project object */ = {
			isa = PBXProject;
			attributes = {
				BuildIndependentTargetsInParallel = 1;
				LastSwiftUpdateCheck = 1400;
				LastUpgradeCheck = 1400;
				TargetAttributes = {
					ECABCD60292A4519008A26AB = {
						CreatedOnToolsVersion = 14.0;
					};
				};
			};
			buildConfigurationList = ECABCD5C292A4519008A26AB /* Build configuration list for PBXProject "HomeWork_12" */;
			compatibilityVersion = "Xcode 14.0";
			developmentRegion = en;
			hasScannedForEncodings = 0;
			knownRegions = (
				en,
				Base,
			);
			mainGroup = ECABCD58292A4519008A26AB;
			productRefGroup = ECABCD62292A4519008A26AB /* Products */;
			projectDirPath = "";
			projectRoot = "";
			targets = (
				ECABCD60292A4519008A26AB /* HomeWork_12 */,
			);
		};
/* End PBXProject section */

/* Begin PBXResourcesBuildPhase section */
		ECABCD5F292A4519008A26AB /* Resources */ = {
			isa = PBXResourcesBuildPhase;
			buildActionMask = 2147483647;
			files = (
				ECABCD7D292A4969008A26AB /* SignIn.storyboard in Resources */,
				ECABCD71292A451A008A26AB /* LaunchScreen.storyboard in Resources */,
				ECABCD6E292A451A008A26AB /* Assets.xcassets in Resources */,
				ECABCD6C292A4519008A26AB /* Main.storyboard in Resources */,
				ECABCD7F292A4F48008A26AB /* SignUp.storyboard in Resources */,
			);
			runOnlyForDeploymentPostprocessing = 0;
		};
/* End PBXResourcesBuildPhase section */

/* Begin PBXSourcesBuildPhase section */
		ECABCD5D292A4519008A26AB /* Sources */ = {
			isa = PBXSourcesBuildPhase;
			buildActionMask = 2147483647;
			files = (
				ECABCD65292A4519008A26AB /* AppDelegate.swift in Sources */,
				ECABCD67292A4519008A26AB /* SceneDelegate.swift in Sources */,
				ECABCD83292A5958008A26AB /* SignUpViewController.swift in Sources */,
				ECABCD81292A5949008A26AB /* SignInViewController.swift in Sources */,
			);
			runOnlyForDeploymentPostprocessing = 0;
		};
/* End PBXSourcesBuildPhase section */

/* Begin PBXVariantGroup section */
		ECABCD6A292A4519008A26AB /* Main.storyboard */ = {
			isa = PBXVariantGroup;
			children = (
				ECABCD6B292A4519008A26AB /* Base */,
			);
			name = Main.storyboard;
			sourceTree = "<group>";
		};
		ECABCD6F292A451A008A26AB /* LaunchScreen.storyboard */ = {
			isa = PBXVariantGroup;
			children = (
				ECABCD70292A451A008A26AB /* Base */,
			);
			name = LaunchScreen.storyboard;
			sourceTree = "<group>";
		};
/* End PBXVariantGroup section */

/* Begin XCBuildConfiguration section */
		ECABCD73292A451A008A26AB /* Debug */ = {
			isa = XCBuildConfiguration;
			buildSettings = {
				ALWAYS_SEARCH_USER_PATHS = NO;
				CLANG_ANALYZER_NONNULL = YES;
				CLANG_ANALYZER_NUMBER_OBJECT_CONVERSION = YES_AGGRESSIVE;
				CLANG_CXX_LANGUAGE_STANDARD = "gnu++20";
				CLANG_ENABLE_MODULES = YES;
				CLANG_ENABLE_OBJC_ARC = YES;
				CLANG_ENABLE_OBJC_WEAK = YES;
				CLANG_WARN_BLOCK_CAPTURE_AUTORELEASING = YES;
				CLANG_WARN_BOOL_CONVERSION = YES;
				CLANG_WARN_COMMA = YES;
				CLANG_WARN_CONSTANT_CONVERSION = YES;
				CLANG_WARN_DEPRECATED_OBJC_IMPLEMENTATIONS = YES;
				CLANG_WARN_DIRECT_OBJC_ISA_USAGE = YES_ERROR;
				CLANG_WARN_DOCUMENTATION_COMMENTS = YES;
				CLANG_WARN_EMPTY_BODY = YES;
				CLANG_WARN_ENUM_CONVERSION = YES;
				CLANG_WARN_INFINITE_RECURSION = YES;
				CLANG_WARN_INT_CONVERSION = YES;
				CLANG_WARN_NON_LITERAL_NULL_CONVERSION = YES;
				CLANG_WARN_OBJC_IMPLICIT_RETAIN_SELF = YES;
				CLANG_WARN_OBJC_LITERAL_CONVERSION = YES;
				CLANG_WARN_OBJC_ROOT_CLASS = YES_ERROR;
				CLANG_WARN_QUOTED_INCLUDE_IN_FRAMEWORK_HEADER = YES;
				CLANG_WARN_RANGE_LOOP_ANALYSIS = YES;
				CLANG_WARN_STRICT_PROTOTYPES = YES;
				CLANG_WARN_SUSPICIOUS_MOVE = YES;
				CLANG_WARN_UNGUARDED_AVAILABILITY = YES_AGGRESSIVE;
				CLANG_WARN_UNREACHABLE_CODE = YES;
				CLANG_WARN__DUPLICATE_METHOD_MATCH = YES;
				COPY_PHASE_STRIP = NO;
				DEBUG_INFORMATION_FORMAT = dwarf;
				ENABLE_STRICT_OBJC_MSGSEND = YES;
				ENABLE_TESTABILITY = YES;
				GCC_C_LANGUAGE_STANDARD = gnu11;
				GCC_DYNAMIC_NO_PIC = NO;
				GCC_NO_COMMON_BLOCKS = YES;
				GCC_OPTIMIZATION_LEVEL = 0;
				GCC_PREPROCESSOR_DEFINITIONS = (
					"DEBUG=1",
					"$(inherited)",
				);
				GCC_WARN_64_TO_32_BIT_CONVERSION = YES;
				GCC_WARN_ABOUT_RETURN_TYPE = YES_ERROR;
				GCC_WARN_UNDECLARED_SELECTOR = YES;
				GCC_WARN_UNINITIALIZED_AUTOS = YES_AGGRESSIVE;
				GCC_WARN_UNUSED_FUNCTION = YES;
				GCC_WARN_UNUSED_VARIABLE = YES;
				IPHONEOS_DEPLOYMENT_TARGET = 16.0;
				MTL_ENABLE_DEBUG_INFO = INCLUDE_SOURCE;
				MTL_FAST_MATH = YES;
				ONLY_ACTIVE_ARCH = YES;
				SDKROOT = iphoneos;
				SWIFT_ACTIVE_COMPILATION_CONDITIONS = DEBUG;
				SWIFT_OPTIMIZATION_LEVEL = "-Onone";
			};
			name = Debug;
		};
		ECABCD74292A451A008A26AB /* Release */ = {
			isa = XCBuildConfiguration;
			buildSettings = {
				ALWAYS_SEARCH_USER_PATHS = NO;
				CLANG_ANALYZER_NONNULL = YES;
				CLANG_ANALYZER_NUMBER_OBJECT_CONVERSION = YES_AGGRESSIVE;
				CLANG_CXX_LANGUAGE_STANDARD = "gnu++20";
				CLANG_ENABLE_MODULES = YES;
				CLANG_ENABLE_OBJC_ARC = YES;
				CLANG_ENABLE_OBJC_WEAK = YES;
				CLANG_WARN_BLOCK_CAPTURE_AUTORELEASING = YES;
				CLANG_WARN_BOOL_CONVERSION = YES;
				CLANG_WARN_COMMA = YES;
				CLANG_WARN_CONSTANT_CONVERSION = YES;
				CLANG_WARN_DEPRECATED_OBJC_IMPLEMENTATIONS = YES;
				CLANG_WARN_DIRECT_OBJC_ISA_USAGE = YES_ERROR;
				CLANG_WARN_DOCUMENTATION_COMMENTS = YES;
				CLANG_WARN_EMPTY_BODY = YES;
				CLANG_WARN_ENUM_CONVERSION = YES;
				CLANG_WARN_INFINITE_RECURSION = YES;
				CLANG_WARN_INT_CONVERSION = YES;
				CLANG_WARN_NON_LITERAL_NULL_CONVERSION = YES;
				CLANG_WARN_OBJC_IMPLICIT_RETAIN_SELF = YES;
				CLANG_WARN_OBJC_LITERAL_CONVERSION = YES;
				CLANG_WARN_OBJC_ROOT_CLASS = YES_ERROR;
				CLANG_WARN_QUOTED_INCLUDE_IN_FRAMEWORK_HEADER = YES;
				CLANG_WARN_RANGE_LOOP_ANALYSIS = YES;
				CLANG_WARN_STRICT_PROTOTYPES = YES;
				CLANG_WARN_SUSPICIOUS_MOVE = YES;
				CLANG_WARN_UNGUARDED_AVAILABILITY = YES_AGGRESSIVE;
				CLANG_WARN_UNREACHABLE_CODE = YES;
				CLANG_WARN__DUPLICATE_METHOD_MATCH = YES;
				COPY_PHASE_STRIP = NO;
				DEBUG_INFORMATION_FORMAT = "dwarf-with-dsym";
				ENABLE_NS_ASSERTIONS = NO;
				ENABLE_STRICT_OBJC_MSGSEND = YES;
				GCC_C_LANGUAGE_STANDARD = gnu11;
				GCC_NO_COMMON_BLOCKS = YES;
				GCC_WARN_64_TO_32_BIT_CONVERSION = YES;
				GCC_WARN_ABOUT_RETURN_TYPE = YES_ERROR;
				GCC_WARN_UNDECLARED_SELECTOR = YES;
				GCC_WARN_UNINITIALIZED_AUTOS = YES_AGGRESSIVE;
				GCC_WARN_UNUSED_FUNCTION = YES;
				GCC_WARN_UNUSED_VARIABLE = YES;
				IPHONEOS_DEPLOYMENT_TARGET = 16.0;
				MTL_ENABLE_DEBUG_INFO = NO;
				MTL_FAST_MATH = YES;
				SDKROOT = iphoneos;
				SWIFT_COMPILATION_MODE = wholemodule;
				SWIFT_OPTIMIZATION_LEVEL = "-O";
				VALIDATE_PRODUCT = YES;
			};
			name = Release;
		};
		ECABCD76292A451A008A26AB /* Debug */ = {
			isa = XCBuildConfiguration;
			buildSettings = {
				ASSETCATALOG_COMPILER_APPICON_NAME = AppIcon;
				ASSETCATALOG_COMPILER_GLOBAL_ACCENT_COLOR_NAME = AccentColor;
				CODE_SIGN_STYLE = Automatic;
				CURRENT_PROJECT_VERSION = 1;
				DEVELOPMENT_TEAM = 2VG4ZY7KN4;
				GENERATE_INFOPLIST_FILE = YES;
				INFOPLIST_FILE = HomeWork_12/Info.plist;
				INFOPLIST_KEY_UIApplicationSupportsIndirectInputEvents = YES;
				INFOPLIST_KEY_UILaunchStoryboardName = LaunchScreen;
				INFOPLIST_KEY_UIMainStoryboardFile = SignIn;
				INFOPLIST_KEY_UISupportedInterfaceOrientations_iPad = "UIInterfaceOrientationPortrait UIInterfaceOrientationPortraitUpsideDown UIInterfaceOrientationLandscapeLeft UIInterfaceOrientationLandscapeRight";
				INFOPLIST_KEY_UISupportedInterfaceOrientations_iPhone = "UIInterfaceOrientationPortrait UIInterfaceOrientationLandscapeLeft UIInterfaceOrientationLandscapeRight";
				LD_RUNPATH_SEARCH_PATHS = (
					"$(inherited)",
					"@executable_path/Frameworks",
				);
				MARKETING_VERSION = 1.0;
				PRODUCT_BUNDLE_IDENTIFIER = "vadimS.HomeWork-12";
				PRODUCT_NAME = "$(TARGET_NAME)";
				SWIFT_EMIT_LOC_STRINGS = YES;
				SWIFT_VERSION = 5.0;
				TARGETED_DEVICE_FAMILY = "1,2";
			};
			name = Debug;
		};
		ECABCD77292A451A008A26AB /* Release */ = {
			isa = XCBuildConfiguration;
			buildSettings = {
				ASSETCATALOG_COMPILER_APPICON_NAME = AppIcon;
				ASSETCATALOG_COMPILER_GLOBAL_ACCENT_COLOR_NAME = AccentColor;
				CODE_SIGN_STYLE = Automatic;
				CURRENT_PROJECT_VERSION = 1;
				DEVELOPMENT_TEAM = 2VG4ZY7KN4;
				GENERATE_INFOPLIST_FILE = YES;
				INFOPLIST_FILE = HomeWork_12/Info.plist;
				INFOPLIST_KEY_UIApplicationSupportsIndirectInputEvents = YES;
				INFOPLIST_KEY_UILaunchStoryboardName = LaunchScreen;
				INFOPLIST_KEY_UIMainStoryboardFile = SignIn;
				INFOPLIST_KEY_UISupportedInterfaceOrientations_iPad = "UIInterfaceOrientationPortrait UIInterfaceOrientationPortraitUpsideDown UIInterfaceOrientationLandscapeLeft UIInterfaceOrientationLandscapeRight";
				INFOPLIST_KEY_UISupportedInterfaceOrientations_iPhone = "UIInterfaceOrientationPortrait UIInterfaceOrientationLandscapeLeft UIInterfaceOrientationLandscapeRight";
				LD_RUNPATH_SEARCH_PATHS = (
					"$(inherited)",
					"@executable_path/Frameworks",
				);
				MARKETING_VERSION = 1.0;
				PRODUCT_BUNDLE_IDENTIFIER = "vadimS.HomeWork-12";
				PRODUCT_NAME = "$(TARGET_NAME)";
				SWIFT_EMIT_LOC_STRINGS = YES;
				SWIFT_VERSION = 5.0;
				TARGETED_DEVICE_FAMILY = "1,2";
			};
			name = Release;
		};
/* End XCBuildConfiguration section */

/* Begin XCConfigurationList section */
		ECABCD5C292A4519008A26AB /* Build configuration list for PBXProject "HomeWork_12" */ = {
			isa = XCConfigurationList;
			buildConfigurations = (
				ECABCD73292A451A008A26AB /* Debug */,
				ECABCD74292A451A008A26AB /* Release */,
			);
			defaultConfigurationIsVisible = 0;
			defaultConfigurationName = Release;
		};
		ECABCD75292A451A008A26AB /* Build configuration list for PBXNativeTarget "HomeWork_12" */ = {
			isa = XCConfigurationList;
			buildConfigurations = (
				ECABCD76292A451A008A26AB /* Debug */,
				ECABCD77292A451A008A26AB /* Release */,
			);
			defaultConfigurationIsVisible = 0;
			defaultConfigurationName = Release;
		};
/* End XCConfigurationList section */
	};
	rootObject = ECABCD59292A4519008A26AB /* Project object */;
}
